
Microsoft Visual Studio Solution File, Format Version 12.00
# Visual Studio 15
VisualStudioVersion = 15.0.28010.2048
MinimumVisualStudioVersion = 10.0.40219.1
Project("{FAE04EC0-301F-11D3-BF4B-00C04F79EFBC}") = "OnlineShoppingStore", "OnlineShoppingStore\OnlineShoppingStore.csproj", "{2AE1091D-70DB-456A-9D4D-85E678B91223}"
EndProject
Global
	GlobalSection(SolutionConfigurationPlatforms) = preSolution
		Debug|Any CPU = Debug|Any CPU
		Release|Any CPU = Release|Any CPU
	EndGlobalSection
	GlobalSection(ProjectConfigurationPlatforms) = postSolution
		{2AE1091D-70DB-456A-9D4D-85E678B91223}.Debug|Any CPU.ActiveCfg = Debug|Any CPU
		{2AE1091D-70DB-456A-9D4D-85E678B91223}.Debug|Any CPU.Build.0 = Debug|Any CPU
		{2AE1091D-70DB-456A-9D4D-85E678B91223}.Release|Any CPU.ActiveCfg = Release|Any CPU
		{2AE1091D-70DB-456A-9D4D-85E678B91223}.Release|Any CPU.Build.0 = Release|Any CPU
	EndGlobalSection
	GlobalSection(SolutionProperties) = preSolution
		HideSolutionNode = FALSE
	EndGlobalSection
	GlobalSection(ExtensibilityGlobals) = postSolution
		SolutionGuid = {7052FFDD-3037-4EEF-AF75-5564C2672EEA}
	EndGlobalSection
EndGlobal
